
Microsoft Visual Studio Solution File, Format Version 12.00
# Visual Studio 14
VisualStudioVersion = 14.0.23107.0
MinimumVisualStudioVersion = 10.0.40219.1
Project("{2150E333-8FDC-42A3-9474-1A3956D46DE8}") = "10", "10", "{BD58A75B-51F8-49F5-BD49-C02F316391C3}"
EndProject
Project("{FAE04EC0-301F-11D3-BF4B-00C04F79EFBC}") = "setExceptWith", "setExceptWith\setExceptWith.csproj", "{A85058F0-BE96-4062-B2E4-1FA34D0ADB68}"
EndProject
Project("{FAE04EC0-301F-11D3-BF4B-00C04F79EFBC}") = "setExceptWithLibrary", "setExceptWithLibrary\setExceptWithLibrary.csproj", "{3517025D-87E1-4BEB-AEF8-4895BD777AFD}"
EndProject
Project("{2150E333-8FDC-42A3-9474-1A3956D46DE8}") = "11", "11", "{89C1F412-8AD7-4178-B9BA-35F2A51450C5}"
EndProject
Project("{FAE04EC0-301F-11D3-BF4B-00C04F79EFBC}") = "realTypeFindMaxNeg", "realTypeFindMaxNeg\realTypeFindMaxNeg.csproj", "{4F5D262F-8DB7-4563-878A-9C8C2D183E65}"
EndProject
Project("{FAE04EC0-301F-11D3-BF4B-00C04F79EFBC}") = "realTypeLibrary", "realTypeLibrary\realTypeLibrary.csproj", "{529C2FC9-988D-4933-8A7D-FE0C4F673872}"
EndProject
Project("{2150E333-8FDC-42A3-9474-1A3956D46DE8}") = "13", "13", "{26917644-F80F-4223-BE77-E9646AA87285}"
EndProject
Project("{FAE04EC0-301F-11D3-BF4B-00C04F79EFBC}") = "filesLibrary", "filesLibrary\filesLibrary.csproj", "{5E533D3B-E87F-4DB2-9AFF-F00093D9BDF9}"
EndProject
Project("{FAE04EC0-301F-11D3-BF4B-00C04F79EFBC}") = "FileLines", "FileStrings\FileLines.csproj", "{D3E86102-94CB-4926-91DD-C015FA8F46C0}"
EndProject
Project("{FAE04EC0-301F-11D3-BF4B-00C04F79EFBC}") = "IntervalsOfMonotony", "IntervalsOfMonotony\IntervalsOfMonotony.csproj", "{D8274FA1-DD75-44C6-9013-5437BA19BDFC}"
EndProject
Project("{2150E333-8FDC-42A3-9474-1A3956D46DE8}") = "14", "14", "{983D1368-127E-48F5-8D73-180A4CBFAFF5}"
EndProject
Project("{FAE04EC0-301F-11D3-BF4B-00C04F79EFBC}") = "RecursionForm", "RecursionForm\RecursionForm.csproj", "{E0C19FE7-6E3F-4EA9-9191-6F84EC2B297F}"
EndProject
Project("{FAE04EC0-301F-11D3-BF4B-00C04F79EFBC}") = "RecursionLibrary", "RecursionLibrary\RecursionLibrary.csproj", "{B576EDC5-0C81-4A0F-AED2-F74A15DF68AB}"
EndProject
Project("{FAE04EC0-301F-11D3-BF4B-00C04F79EFBC}") = "StudentsForm", "StudentsForm\StudentsForm.csproj", "{202E0E05-D9D0-4FCB-B2D5-C54B0259750E}"
EndProject
Global
	GlobalSection(SolutionConfigurationPlatforms) = preSolution
		Debug|Any CPU = Debug|Any CPU
		Release|Any CPU = Release|Any CPU
	EndGlobalSection
	GlobalSection(ProjectConfigurationPlatforms) = postSolution
		{A85058F0-BE96-4062-B2E4-1FA34D0ADB68}.Debug|Any CPU.ActiveCfg = Debug|Any CPU
		{A85058F0-BE96-4062-B2E4-1FA34D0ADB68}.Debug|Any CPU.Build.0 = Debug|Any CPU
		{A85058F0-BE96-4062-B2E4-1FA34D0ADB68}.Release|Any CPU.ActiveCfg = Release|Any CPU
		{A85058F0-BE96-4062-B2E4-1FA34D0ADB68}.Release|Any CPU.Build.0 = Release|Any CPU
		{3517025D-87E1-4BEB-AEF8-4895BD777AFD}.Debug|Any CPU.ActiveCfg = Debug|Any CPU
		{3517025D-87E1-4BEB-AEF8-4895BD777AFD}.Debug|Any CPU.Build.0 = Debug|Any CPU
		{3517025D-87E1-4BEB-AEF8-4895BD777AFD}.Release|Any CPU.ActiveCfg = Release|Any CPU
		{3517025D-87E1-4BEB-AEF8-4895BD777AFD}.Release|Any CPU.Build.0 = Release|Any CPU
		{4F5D262F-8DB7-4563-878A-9C8C2D183E65}.Debug|Any CPU.ActiveCfg = Debug|Any CPU
		{4F5D262F-8DB7-4563-878A-9C8C2D183E65}.Debug|Any CPU.Build.0 = Debug|Any CPU
		{4F5D262F-8DB7-4563-878A-9C8C2D183E65}.Release|Any CPU.ActiveCfg = Release|Any CPU
		{4F5D262F-8DB7-4563-878A-9C8C2D183E65}.Release|Any CPU.Build.0 = Release|Any CPU
		{529C2FC9-988D-4933-8A7D-FE0C4F673872}.Debug|Any CPU.ActiveCfg = Debug|Any CPU
		{529C2FC9-988D-4933-8A7D-FE0C4F673872}.Debug|Any CPU.Build.0 = Debug|Any CPU
		{529C2FC9-988D-4933-8A7D-FE0C4F673872}.Release|Any CPU.ActiveCfg = Release|Any CPU
		{529C2FC9-988D-4933-8A7D-FE0C4F673872}.Release|Any CPU.Build.0 = Release|Any CPU
		{5E533D3B-E87F-4DB2-9AFF-F00093D9BDF9}.Debug|Any CPU.ActiveCfg = Debug|Any CPU
		{5E533D3B-E87F-4DB2-9AFF-F00093D9BDF9}.Debug|Any CPU.Build.0 = Debug|Any CPU
		{5E533D3B-E87F-4DB2-9AFF-F00093D9BDF9}.Release|Any CPU.ActiveCfg = Release|Any CPU
		{5E533D3B-E87F-4DB2-9AFF-F00093D9BDF9}.Release|Any CPU.Build.0 = Release|Any CPU
		{D3E86102-94CB-4926-91DD-C015FA8F46C0}.Debug|Any CPU.ActiveCfg = Debug|Any CPU
		{D3E86102-94CB-4926-91DD-C015FA8F46C0}.Debug|Any CPU.Build.0 = Debug|Any CPU
		{D3E86102-94CB-4926-91DD-C015FA8F46C0}.Release|Any CPU.ActiveCfg = Release|Any CPU
		{D3E86102-94CB-4926-91DD-C015FA8F46C0}.Release|Any CPU.Build.0 = Release|Any CPU
		{D8274FA1-DD75-44C6-9013-5437BA19BDFC}.Debug|Any CPU.ActiveCfg = Debug|Any CPU
		{D8274FA1-DD75-44C6-9013-5437BA19BDFC}.Debug|Any CPU.Build.0 = Debug|Any CPU
		{D8274FA1-DD75-44C6-9013-5437BA19BDFC}.Release|Any CPU.ActiveCfg = Release|Any CPU
		{D8274FA1-DD75-44C6-9013-5437BA19BDFC}.Release|Any CPU.Build.0 = Release|Any CPU
		{E0C19FE7-6E3F-4EA9-9191-6F84EC2B297F}.Debug|Any CPU.ActiveCfg = Debug|Any CPU
		{E0C19FE7-6E3F-4EA9-9191-6F84EC2B297F}.Debug|Any CPU.Build.0 = Debug|Any CPU
		{E0C19FE7-6E3F-4EA9-9191-6F84EC2B297F}.Release|Any CPU.ActiveCfg = Release|Any CPU
		{E0C19FE7-6E3F-4EA9-9191-6F84EC2B297F}.Release|Any CPU.Build.0 = Release|Any CPU
		{B576EDC5-0C81-4A0F-AED2-F74A15DF68AB}.Debug|Any CPU.ActiveCfg = Debug|Any CPU
		{B576EDC5-0C81-4A0F-AED2-F74A15DF68AB}.Debug|Any CPU.Build.0 = Debug|Any CPU
		{B576EDC5-0C81-4A0F-AED2-F74A15DF68AB}.Release|Any CPU.ActiveCfg = Release|Any CPU
		{B576EDC5-0C81-4A0F-AED2-F74A15DF68AB}.Release|Any CPU.Build.0 = Release|Any CPU
		{202E0E05-D9D0-4FCB-B2D5-C54B0259750E}.Debug|Any CPU.ActiveCfg = Debug|Any CPU
		{202E0E05-D9D0-4FCB-B2D5-C54B0259750E}.Debug|Any CPU.Build.0 = Debug|Any CPU
		{202E0E05-D9D0-4FCB-B2D5-C54B0259750E}.Release|Any CPU.ActiveCfg = Release|Any CPU
		{202E0E05-D9D0-4FCB-B2D5-C54B0259750E}.Release|Any CPU.Build.0 = Release|Any CPU
	EndGlobalSection
	GlobalSection(SolutionProperties) = preSolution
		HideSolutionNode = FALSE
	EndGlobalSection
	GlobalSection(NestedProjects) = preSolution
		{A85058F0-BE96-4062-B2E4-1FA34D0ADB68} = {BD58A75B-51F8-49F5-BD49-C02F316391C3}
		{3517025D-87E1-4BEB-AEF8-4895BD777AFD} = {BD58A75B-51F8-49F5-BD49-C02F316391C3}
		{4F5D262F-8DB7-4563-878A-9C8C2D183E65} = {89C1F412-8AD7-4178-B9BA-35F2A51450C5}
		{529C2FC9-988D-4933-8A7D-FE0C4F673872} = {89C1F412-8AD7-4178-B9BA-35F2A51450C5}
		{5E533D3B-E87F-4DB2-9AFF-F00093D9BDF9} = {26917644-F80F-4223-BE77-E9646AA87285}
		{D3E86102-94CB-4926-91DD-C015FA8F46C0} = {26917644-F80F-4223-BE77-E9646AA87285}
		{D8274FA1-DD75-44C6-9013-5437BA19BDFC} = {26917644-F80F-4223-BE77-E9646AA87285}
		{E0C19FE7-6E3F-4EA9-9191-6F84EC2B297F} = {983D1368-127E-48F5-8D73-180A4CBFAFF5}
		{B576EDC5-0C81-4A0F-AED2-F74A15DF68AB} = {983D1368-127E-48F5-8D73-180A4CBFAFF5}
		{202E0E05-D9D0-4FCB-B2D5-C54B0259750E} = {26917644-F80F-4223-BE77-E9646AA87285}
	EndGlobalSection
EndGlobal
